{
  "requires": true,
  "lockfileVersion": 1,
  "dependencies": {
    "geofire-common": {
      "version": "5.2.0",
      "resolved": "https://registry.npmjs.org/geofire-common/-/geofire-common-5.2.0.tgz",
      "integrity": "sha512-b3RCXxzdc/ZAoNag/F8n4myWYiBPI1eeQ/gtjLvBKKeILNnYb6Qw0GL/AVfYUKk3Z19Pw+xVBSlYcjqy5OHVzg=="
    }
  }
}
