PODS:
  - Action (4.1.0):
    - RxCocoa (~> 5.0)
    - RxSwift (~> 5.0)
  - Alamofire (5.2.2)
  - Differentiator (4.0.1)
  - DynamicCodable (1.0)
  - Hero (1.5.0)
  - KakaoSDKAuth (2.0.1):
    - KakaoSDKCommon (= 2.0.1)
  - KakaoSDKCommon (2.0.1):
    - Alamofire (~> 5.1)
    - DynamicCodable (~> 1.0)
  - KakaoSDKUser (2.0.1):
    - KakaoSDKAuth (= 2.0.1)
    - KakaoSDKCommon (= 2.0.1)
  - lottie-ios (3.1.8)
  - Moya/Core (14.0.0):
    - Alamofire (~> 5.0)
  - Moya/RxSwift (14.0.0):
    - Moya/Core
    - RxSwift (~> 5.0)
  - NMapsMap (3.9.1)
  - "NSObject+Rx (5.1.0)":
    - RxSwift (~> 5.1)
  - RxAlamofire (5.6.0):
    - RxAlamofire/Core (= 5.6.0)
  - RxAlamofire/Core (5.6.0):
    - Alamofire (~> 5.1)
    - RxSwift (~> 5.1)
  - RxCocoa (5.1.1):
    - RxRelay (~> 5)
    - RxSwift (~> 5)
  - RxDataSources (4.0.1):
    - Differentiator (~> 4.0)
    - RxCocoa (~> 5.0)
    - RxSwift (~> 5.0)
  - RxKakaoSDKAuth (2.0.1):
    - KakaoSDKAuth (= 2.0.1)
    - RxKakaoSDKCommon (= 2.0.1)
  - RxKakaoSDKCommon (2.0.1):
    - DynamicCodable (~> 1.0)
    - KakaoSDKCommon (= 2.0.1)
    - RxAlamofire (~> 5.2)
    - RxCocoa
    - RxSwift
  - RxKakaoSDKUser (2.0.1):
    - KakaoSDKUser (= 2.0.1)
    - RxKakaoSDKAuth (= 2.0.1)
    - RxKakaoSDKCommon (= 2.0.1)
  - RxRelay (5.1.1):
    - RxSwift (~> 5)
  - RxSwift (5.1.1)
  - SnapKit (5.0.1)
  - SwiftLint (0.40.1)

DEPENDENCIES:
  - Action
  - Hero
  - lottie-ios
  - Moya/RxSwift (~> 14.0)
  - NMapsMap
  - "NSObject+Rx"
  - RxDataSources
  - RxKakaoSDKAuth
  - RxKakaoSDKUser
  - SnapKit (~> 5.0.0)
  - SwiftLint

SPEC REPOS:
  trunk:
    - Action
    - Alamofire
    - Differentiator
    - DynamicCodable
    - Hero
    - KakaoSDKAuth
    - KakaoSDKCommon
    - KakaoSDKUser
    - lottie-ios
    - Moya
    - NMapsMap
    - "NSObject+Rx"
    - RxAlamofire
    - RxCocoa
    - RxDataSources
    - RxKakaoSDKAuth
    - RxKakaoSDKCommon
    - RxKakaoSDKUser
    - RxRelay
    - RxSwift
    - SnapKit
    - SwiftLint

SPEC CHECKSUMS:
  Action: 79e6c5dc91e13eea045ab6744b3e5609086671aa
  Alamofire: 814429acc853c6c54ff123fc3d2ef66803823ce0
  Differentiator: 886080237d9f87f322641dedbc5be257061b0602
  DynamicCodable: 2cf558d057b3e6540552943254e1c9eeb706dde2
  Hero: b7385b75e7259da62f4f85462f59a5082d66b058
  KakaoSDKAuth: b0164328e032efe30531050f1cbf383a8b15c177
  KakaoSDKCommon: 2a0cddcf8e606a874c02fd212efd50ef06d6189d
  KakaoSDKUser: 8bd45ea9da54ba877cf057589c4ef47f67773c53
  lottie-ios: 48fac6be217c76937e36e340e2d09cf7b10b7f5f
  Moya: 5b45dacb75adb009f97fde91c204c1e565d31916
  NMapsMap: 4ecd6f5e834dfa75e73084d93854ee97c9ed849d
  "NSObject+Rx": fa6bbcc1ab1faa06b01466bc09b1e0692bbc5946
  RxAlamofire: f34ddbab56fa2a36f99737f4d4ecc22288a1384f
  RxCocoa: 32065309a38d29b5b0db858819b5bf9ef038b601
  RxDataSources: efee07fa4de48477eca0a4611e6d11e2da9c1114
  RxKakaoSDKAuth: bc8b08c1445eb272330a9ce68e91144c65efd724
  RxKakaoSDKCommon: 568aac7b2465476984e50e63bf290662af3b85f4
  RxKakaoSDKUser: e5a6475c4394a543b344f260eab2cd31d2e10046
  RxRelay: d77f7d771495f43c556cbc43eebd1bb54d01e8e9
  RxSwift: 81470a2074fa8780320ea5fe4102807cb7118178
  SnapKit: 97b92857e3df3a0c71833cce143274bf6ef8e5eb
  SwiftLint: bbfed21bf4451dcbd0f5cdbee44a18e06cf91b12

PODFILE CHECKSUM: 7c62fdfa9ff23d1adf912e548c1c01f94046eebd

COCOAPODS: 1.9.3
