// !$*UTF8*$!
{
	archiveVersion = 1;
	classes = {
	};
	objectVersion = 51;
	objects = {

/* Begin PBXBuildFile section */
		3BF22BAABA840B1F7BC66E5E /* Pods_warmingUpProject_3.framework in Frameworks */ = {isa = PBXBuildFile; fileRef = 618F7D2538EA098E978C7BEB /* Pods_warmingUpProject_3.framework */; };
		56CF14CA24D53533008BDCEF /* AppDelegate.swift in Sources */ = {isa = PBXBuildFile; fileRef = 56CF14C924D53533008BDCEF /* AppDelegate.swift */; };
		56CF14CC24D53533008BDCEF /* SceneDelegate.swift in Sources */ = {isa = PBXBuildFile; fileRef = 56CF14CB24D53533008BDCEF /* SceneDelegate.swift */; };
		56CF14CE24D53533008BDCEF /* ViewController.swift in Sources */ = {isa = PBXBuildFile; fileRef = 56CF14CD24D53533008BDCEF /* ViewController.swift */; };
		56CF14D124D53533008BDCEF /* Main.storyboard in Resources */ = {isa = PBXBuildFile; fileRef = 56CF14CF24D53533008BDCEF /* Main.storyboard */; };
		56CF14D324D53536008BDCEF /* Assets.xcassets in Resources */ = {isa = PBXBuildFile; fileRef = 56CF14D224D53536008BDCEF /* Assets.xcassets */; };
		56CF14D624D53536008BDCEF /* LaunchScreen.storyboard in Resources */ = {isa = PBXBuildFile; fileRef = 56CF14D424D53536008BDCEF /* LaunchScreen.storyboard */; };
		B8CD079F24D7C971007579FA /* SplashViewController.swift in Sources */ = {isa = PBXBuildFile; fileRef = B8CD079E24D7C971007579FA /* SplashViewController.swift */; };
		B8CD07A324D7C9E0007579FA /* BaseViewController.swift in Sources */ = {isa = PBXBuildFile; fileRef = B8CD07A224D7C9E0007579FA /* BaseViewController.swift */; };
		B8CD07AD24D7CE04007579FA /* OnBoardNameingViewController.swift in Sources */ = {isa = PBXBuildFile; fileRef = B8CD07AC24D7CE04007579FA /* OnBoardNameingViewController.swift */; };
		B8CD07AF24D8F2B8007579FA /* TextUtils.swift in Sources */ = {isa = PBXBuildFile; fileRef = B8CD07AE24D8F2B8007579FA /* TextUtils.swift */; };
		B8CD07FA24DB0FFF007579FA /* extensionUILabel.swift in Sources */ = {isa = PBXBuildFile; fileRef = B8CD07F924DB0FFF007579FA /* extensionUILabel.swift */; };
		B8F8830324E00C2000EED1C1 /* NanumMyeongjoBold.ttf in Resources */ = {isa = PBXBuildFile; fileRef = B8F8830124E00C2000EED1C1 /* NanumMyeongjoBold.ttf */; };
		B8F8830424E00C2000EED1C1 /* NanumMyeongjo.ttf in Resources */ = {isa = PBXBuildFile; fileRef = B8F8830224E00C2000EED1C1 /* NanumMyeongjo.ttf */; };
/* End PBXBuildFile section */

/* Begin PBXFileReference section */
		41F1ED98F529823A39A9AC81 /* Pods-warmingUpProject_3.release.xcconfig */ = {isa = PBXFileReference; includeInIndex = 1; lastKnownFileType = text.xcconfig; name = "Pods-warmingUpProject_3.release.xcconfig"; path = "Target Support Files/Pods-warmingUpProject_3/Pods-warmingUpProject_3.release.xcconfig"; sourceTree = "<group>"; };
		56CF14C624D53533008BDCEF /* warmingUpProject_3.app */ = {isa = PBXFileReference; explicitFileType = wrapper.application; includeInIndex = 0; path = warmingUpProject_3.app; sourceTree = BUILT_PRODUCTS_DIR; };
		56CF14C924D53533008BDCEF /* AppDelegate.swift */ = {isa = PBXFileReference; lastKnownFileType = sourcecode.swift; path = AppDelegate.swift; sourceTree = "<group>"; };
		56CF14CB24D53533008BDCEF /* SceneDelegate.swift */ = {isa = PBXFileReference; lastKnownFileType = sourcecode.swift; path = SceneDelegate.swift; sourceTree = "<group>"; };
		56CF14CD24D53533008BDCEF /* ViewController.swift */ = {isa = PBXFileReference; lastKnownFileType = sourcecode.swift; path = ViewController.swift; sourceTree = "<group>"; };
		56CF14D024D53533008BDCEF /* Base */ = {isa = PBXFileReference; lastKnownFileType = file.storyboard; name = Base; path = Base.lproj/Main.storyboard; sourceTree = "<group>"; };
		56CF14D224D53536008BDCEF /* Assets.xcassets */ = {isa = PBXFileReference; lastKnownFileType = folder.assetcatalog; path = Assets.xcassets; sourceTree = "<group>"; };
		56CF14D524D53536008BDCEF /* Base */ = {isa = PBXFileReference; lastKnownFileType = file.storyboard; name = Base; path = Base.lproj/LaunchScreen.storyboard; sourceTree = "<group>"; };
		56CF14D724D53536008BDCEF /* Info.plist */ = {isa = PBXFileReference; lastKnownFileType = text.plist.xml; path = Info.plist; sourceTree = "<group>"; };
		618F7D2538EA098E978C7BEB /* Pods_warmingUpProject_3.framework */ = {isa = PBXFileReference; explicitFileType = wrapper.framework; includeInIndex = 0; path = Pods_warmingUpProject_3.framework; sourceTree = BUILT_PRODUCTS_DIR; };
		8C7D9095C67FE9D7B9A2BE0D /* Pods-warmingUpProject_3.debug.xcconfig */ = {isa = PBXFileReference; includeInIndex = 1; lastKnownFileType = text.xcconfig; name = "Pods-warmingUpProject_3.debug.xcconfig"; path = "Target Support Files/Pods-warmingUpProject_3/Pods-warmingUpProject_3.debug.xcconfig"; sourceTree = "<group>"; };
		B8CD079E24D7C971007579FA /* SplashViewController.swift */ = {isa = PBXFileReference; lastKnownFileType = sourcecode.swift; path = SplashViewController.swift; sourceTree = "<group>"; };
		B8CD07A224D7C9E0007579FA /* BaseViewController.swift */ = {isa = PBXFileReference; lastKnownFileType = sourcecode.swift; path = BaseViewController.swift; sourceTree = "<group>"; };
		B8CD07AC24D7CE04007579FA /* OnBoardNameingViewController.swift */ = {isa = PBXFileReference; lastKnownFileType = sourcecode.swift; path = OnBoardNameingViewController.swift; sourceTree = "<group>"; };
		B8CD07AE24D8F2B8007579FA /* TextUtils.swift */ = {isa = PBXFileReference; lastKnownFileType = sourcecode.swift; path = TextUtils.swift; sourceTree = "<group>"; };
		B8CD07F924DB0FFF007579FA /* extensionUILabel.swift */ = {isa = PBXFileReference; lastKnownFileType = sourcecode.swift; path = extensionUILabel.swift; sourceTree = "<group>"; };
		B8F8830124E00C2000EED1C1 /* NanumMyeongjoBold.ttf */ = {isa = PBXFileReference; lastKnownFileType = file; path = NanumMyeongjoBold.ttf; sourceTree = "<group>"; };
		B8F8830224E00C2000EED1C1 /* NanumMyeongjo.ttf */ = {isa = PBXFileReference; lastKnownFileType = file; path = NanumMyeongjo.ttf; sourceTree = "<group>"; };
/* End PBXFileReference section */

/* Begin PBXFrameworksBuildPhase section */
		56CF14C324D53533008BDCEF /* Frameworks */ = {
			isa = PBXFrameworksBuildPhase;
			buildActionMask = 2147483647;
			files = (
				3BF22BAABA840B1F7BC66E5E /* Pods_warmingUpProject_3.framework in Frameworks */,
			);
			runOnlyForDeploymentPostprocessing = 0;
		};
/* End PBXFrameworksBuildPhase section */

/* Begin PBXGroup section */
		49386ADE87E4228A79502F49 /* Frameworks */ = {
			isa = PBXGroup;
			children = (
				618F7D2538EA098E978C7BEB /* Pods_warmingUpProject_3.framework */,
			);
			name = Frameworks;
			sourceTree = "<group>";
		};
		55FAEDF3EB39077425D99D1B /* Pods */ = {
			isa = PBXGroup;
			children = (
				8C7D9095C67FE9D7B9A2BE0D /* Pods-warmingUpProject_3.debug.xcconfig */,
				41F1ED98F529823A39A9AC81 /* Pods-warmingUpProject_3.release.xcconfig */,
			);
			path = Pods;
			sourceTree = "<group>";
		};
		56CF14BD24D53533008BDCEF = {
			isa = PBXGroup;
			children = (
				56CF14C824D53533008BDCEF /* warmingUpProject_3 */,
				56CF14C724D53533008BDCEF /* Products */,
				55FAEDF3EB39077425D99D1B /* Pods */,
				49386ADE87E4228A79502F49 /* Frameworks */,
			);
			sourceTree = "<group>";
		};
		56CF14C724D53533008BDCEF /* Products */ = {
			isa = PBXGroup;
			children = (
				56CF14C624D53533008BDCEF /* warmingUpProject_3.app */,
			);
			name = Products;
			sourceTree = "<group>";
		};
		56CF14C824D53533008BDCEF /* warmingUpProject_3 */ = {
			isa = PBXGroup;
			children = (
				B8CD07AB24D7CDC8007579FA /* OnBoarding */,
				B8CD07AA24D7CD66007579FA /* Main */,
				B8CD07A024D7C988007579FA /* Common */,
				B8CD079D24D7C94B007579FA /* Splash */,
				56CF14C924D53533008BDCEF /* AppDelegate.swift */,
				56CF14CB24D53533008BDCEF /* SceneDelegate.swift */,
				56CF14CD24D53533008BDCEF /* ViewController.swift */,
				56CF14CF24D53533008BDCEF /* Main.storyboard */,
				56CF14D224D53536008BDCEF /* Assets.xcassets */,
				56CF14D424D53536008BDCEF /* LaunchScreen.storyboard */,
				56CF14D724D53536008BDCEF /* Info.plist */,
				B8CD07A424D7CC0A007579FA /* Support */,
			);
			path = warmingUpProject_3;
			sourceTree = "<group>";
		};
		B8CD079D24D7C94B007579FA /* Splash */ = {
			isa = PBXGroup;
			children = (
				B8CD079E24D7C971007579FA /* SplashViewController.swift */,
			);
			path = Splash;
			sourceTree = "<group>";
		};
		B8CD07A024D7C988007579FA /* Common */ = {
			isa = PBXGroup;
			children = (
				B8CD07A124D7C993007579FA /* Inheritance */,
			);
			path = Common;
			sourceTree = "<group>";
		};
		B8CD07A124D7C993007579FA /* Inheritance */ = {
			isa = PBXGroup;
			children = (
				B8CD07A224D7C9E0007579FA /* BaseViewController.swift */,
			);
			path = Inheritance;
			sourceTree = "<group>";
		};
		B8CD07A424D7CC0A007579FA /* Support */ = {
			isa = PBXGroup;
			children = (
				B8CD07F624DB0953007579FA /* extension */,
				B8CD07A524D7CC20007579FA /* font */,
			);
			path = Support;
			sourceTree = "<group>";
		};
		B8CD07A524D7CC20007579FA /* font */ = {
			isa = PBXGroup;
			children = (
				B8F8830224E00C2000EED1C1 /* NanumMyeongjo.ttf */,
				B8F8830124E00C2000EED1C1 /* NanumMyeongjoBold.ttf */,
				B8CD07AE24D8F2B8007579FA /* TextUtils.swift */,
			);
			path = font;
			sourceTree = "<group>";
		};
		B8CD07AA24D7CD66007579FA /* Main */ = {
			isa = PBXGroup;
			children = (
			);
			path = Main;
			sourceTree = "<group>";
		};
		B8CD07AB24D7CDC8007579FA /* OnBoarding */ = {
			isa = PBXGroup;
			children = (
				B8CD07AC24D7CE04007579FA /* OnBoardNameingViewController.swift */,
			);
			path = OnBoarding;
			sourceTree = "<group>";
		};
		B8CD07F624DB0953007579FA /* extension */ = {
			isa = PBXGroup;
			children = (
				B8CD07F924DB0FFF007579FA /* extensionUILabel.swift */,
			);
			path = extension;
			sourceTree = "<group>";
		};
/* End PBXGroup section */

/* Begin PBXNativeTarget section */
		56CF14C524D53533008BDCEF /* warmingUpProject_3 */ = {
			isa = PBXNativeTarget;
			buildConfigurationList = 56CF14DA24D53536008BDCEF /* Build configuration list for PBXNativeTarget "warmingUpProject_3" */;
			buildPhases = (
				B7A42D4857C67670C6277F59 /* [CP] Check Pods Manifest.lock */,
				56CF14C224D53533008BDCEF /* Sources */,
				56CF14C324D53533008BDCEF /* Frameworks */,
				56CF14C424D53533008BDCEF /* Resources */,
				9D6E48ABD8837FB2ADFBB1D9 /* [CP] Embed Pods Frameworks */,
			);
			buildRules = (
			);
			dependencies = (
			);
			name = warmingUpProject_3;
			productName = warmingUpProject_3;
			productReference = 56CF14C624D53533008BDCEF /* warmingUpProject_3.app */;
			productType = "com.apple.product-type.application";
		};
/* End PBXNativeTarget section */

/* Begin PBXProject section */
		56CF14BE24D53533008BDCEF /* Project object */ = {
			isa = PBXProject;
			attributes = {
				LastSwiftUpdateCheck = 1160;
				LastUpgradeCheck = 1160;
				ORGANIZATIONNAME = team3;
				TargetAttributes = {
					56CF14C524D53533008BDCEF = {
						CreatedOnToolsVersion = 11.6;
					};
				};
			};
			buildConfigurationList = 56CF14C124D53533008BDCEF /* Build configuration list for PBXProject "warmingUpProject_3" */;
			compatibilityVersion = "Xcode 9.3";
			developmentRegion = en;
			hasScannedForEncodings = 0;
			knownRegions = (
				en,
				Base,
			);
			mainGroup = 56CF14BD24D53533008BDCEF;
			productRefGroup = 56CF14C724D53533008BDCEF /* Products */;
			projectDirPath = "";
			projectRoot = "";
			targets = (
				56CF14C524D53533008BDCEF /* warmingUpProject_3 */,
			);
		};
/* End PBXProject section */

/* Begin PBXResourcesBuildPhase section */
		56CF14C424D53533008BDCEF /* Resources */ = {
			isa = PBXResourcesBuildPhase;
			buildActionMask = 2147483647;
			files = (
				56CF14D624D53536008BDCEF /* LaunchScreen.storyboard in Resources */,
				B8F8830324E00C2000EED1C1 /* NanumMyeongjoBold.ttf in Resources */,
				56CF14D324D53536008BDCEF /* Assets.xcassets in Resources */,
				B8F8830424E00C2000EED1C1 /* NanumMyeongjo.ttf in Resources */,
				56CF14D124D53533008BDCEF /* Main.storyboard in Resources */,
			);
			runOnlyForDeploymentPostprocessing = 0;
		};
/* End PBXResourcesBuildPhase section */

/* Begin PBXShellScriptBuildPhase section */
		9D6E48ABD8837FB2ADFBB1D9 /* [CP] Embed Pods Frameworks */ = {
			isa = PBXShellScriptBuildPhase;
			buildActionMask = 2147483647;
			files = (
			);
			inputFileListPaths = (
				"${PODS_ROOT}/Target Support Files/Pods-warmingUpProject_3/Pods-warmingUpProject_3-frameworks-${CONFIGURATION}-input-files.xcfilelist",
			);
			name = "[CP] Embed Pods Frameworks";
			outputFileListPaths = (
				"${PODS_ROOT}/Target Support Files/Pods-warmingUpProject_3/Pods-warmingUpProject_3-frameworks-${CONFIGURATION}-output-files.xcfilelist",
			);
			runOnlyForDeploymentPostprocessing = 0;
			shellPath = /bin/sh;
			shellScript = "\"${PODS_ROOT}/Target Support Files/Pods-warmingUpProject_3/Pods-warmingUpProject_3-frameworks.sh\"\n";
			showEnvVarsInLog = 0;
		};
		B7A42D4857C67670C6277F59 /* [CP] Check Pods Manifest.lock */ = {
			isa = PBXShellScriptBuildPhase;
			buildActionMask = 2147483647;
			files = (
			);
			inputFileListPaths = (
			);
			inputPaths = (
				"${PODS_PODFILE_DIR_PATH}/Podfile.lock",
				"${PODS_ROOT}/Manifest.lock",
			);
			name = "[CP] Check Pods Manifest.lock";
			outputFileListPaths = (
			);
			outputPaths = (
				"$(DERIVED_FILE_DIR)/Pods-warmingUpProject_3-checkManifestLockResult.txt",
			);
			runOnlyForDeploymentPostprocessing = 0;
			shellPath = /bin/sh;
			shellScript = "diff \"${PODS_PODFILE_DIR_PATH}/Podfile.lock\" \"${PODS_ROOT}/Manifest.lock\" > /dev/null\nif [ $? != 0 ] ; then\n    # print error to STDERR\n    echo \"error: The sandbox is not in sync with the Podfile.lock. Run 'pod install' or update your CocoaPods installation.\" >&2\n    exit 1\nfi\n# This output is used by Xcode 'outputs' to avoid re-running this script phase.\necho \"SUCCESS\" > \"${SCRIPT_OUTPUT_FILE_0}\"\n";
			showEnvVarsInLog = 0;
		};
/* End PBXShellScriptBuildPhase section */

/* Begin PBXSourcesBuildPhase section */
		56CF14C224D53533008BDCEF /* Sources */ = {
			isa = PBXSourcesBuildPhase;
			buildActionMask = 2147483647;
			files = (
				B8CD07A324D7C9E0007579FA /* BaseViewController.swift in Sources */,
				56CF14CE24D53533008BDCEF /* ViewController.swift in Sources */,
				56CF14CA24D53533008BDCEF /* AppDelegate.swift in Sources */,
				B8CD07AD24D7CE04007579FA /* OnBoardNameingViewController.swift in Sources */,
				B8CD07FA24DB0FFF007579FA /* extensionUILabel.swift in Sources */,
				56CF14CC24D53533008BDCEF /* SceneDelegate.swift in Sources */,
				B8CD079F24D7C971007579FA /* SplashViewController.swift in Sources */,
				B8CD07AF24D8F2B8007579FA /* TextUtils.swift in Sources */,
			);
			runOnlyForDeploymentPostprocessing = 0;
		};
/* End PBXSourcesBuildPhase section */

/* Begin PBXVariantGroup section */
		56CF14CF24D53533008BDCEF /* Main.storyboard */ = {
			isa = PBXVariantGroup;
			children = (
				56CF14D024D53533008BDCEF /* Base */,
			);
			name = Main.storyboard;
			sourceTree = "<group>";
		};
		56CF14D424D53536008BDCEF /* LaunchScreen.storyboard */ = {
			isa = PBXVariantGroup;
			children = (
				56CF14D524D53536008BDCEF /* Base */,
			);
			name = LaunchScreen.storyboard;
			sourceTree = "<group>";
		};
/* End PBXVariantGroup section */

/* Begin XCBuildConfiguration section */
		56CF14D824D53536008BDCEF /* Debug */ = {
			isa = XCBuildConfiguration;
			buildSettings = {
				ALWAYS_SEARCH_USER_PATHS = NO;
				CLANG_ANALYZER_NONNULL = YES;
				CLANG_ANALYZER_NUMBER_OBJECT_CONVERSION = YES_AGGRESSIVE;
				CLANG_CXX_LANGUAGE_STANDARD = "gnu++14";
				CLANG_CXX_LIBRARY = "libc++";
				CLANG_ENABLE_MODULES = YES;
				CLANG_ENABLE_OBJC_ARC = YES;
				CLANG_ENABLE_OBJC_WEAK = YES;
				CLANG_WARN_BLOCK_CAPTURE_AUTORELEASING = YES;
				CLANG_WARN_BOOL_CONVERSION = YES;
				CLANG_WARN_COMMA = YES;
				CLANG_WARN_CONSTANT_CONVERSION = YES;
				CLANG_WARN_DEPRECATED_OBJC_IMPLEMENTATIONS = YES;
				CLANG_WARN_DIRECT_OBJC_ISA_USAGE = YES_ERROR;
				CLANG_WARN_DOCUMENTATION_COMMENTS = YES;
				CLANG_WARN_EMPTY_BODY = YES;
				CLANG_WARN_ENUM_CONVERSION = YES;
				CLANG_WARN_INFINITE_RECURSION = YES;
				CLANG_WARN_INT_CONVERSION = YES;
				CLANG_WARN_NON_LITERAL_NULL_CONVERSION = YES;
				CLANG_WARN_OBJC_IMPLICIT_RETAIN_SELF = YES;
				CLANG_WARN_OBJC_LITERAL_CONVERSION = YES;
				CLANG_WARN_OBJC_ROOT_CLASS = YES_ERROR;
				CLANG_WARN_RANGE_LOOP_ANALYSIS = YES;
				CLANG_WARN_STRICT_PROTOTYPES = YES;
				CLANG_WARN_SUSPICIOUS_MOVE = YES;
				CLANG_WARN_UNGUARDED_AVAILABILITY = YES_AGGRESSIVE;
				CLANG_WARN_UNREACHABLE_CODE = YES;
				CLANG_WARN__DUPLICATE_METHOD_MATCH = YES;
				COPY_PHASE_STRIP = NO;
				DEBUG_INFORMATION_FORMAT = dwarf;
				ENABLE_STRICT_OBJC_MSGSEND = YES;
				ENABLE_TESTABILITY = YES;
				GCC_C_LANGUAGE_STANDARD = gnu11;
				GCC_DYNAMIC_NO_PIC = NO;
				GCC_NO_COMMON_BLOCKS = YES;
				GCC_OPTIMIZATION_LEVEL = 0;
				GCC_PREPROCESSOR_DEFINITIONS = (
					"DEBUG=1",
					"$(inherited)",
				);
				GCC_WARN_64_TO_32_BIT_CONVERSION = YES;
				GCC_WARN_ABOUT_RETURN_TYPE = YES_ERROR;
				GCC_WARN_UNDECLARED_SELECTOR = YES;
				GCC_WARN_UNINITIALIZED_AUTOS = YES_AGGRESSIVE;
				GCC_WARN_UNUSED_FUNCTION = YES;
				GCC_WARN_UNUSED_VARIABLE = YES;
				IPHONEOS_DEPLOYMENT_TARGET = 13.0;
				MTL_ENABLE_DEBUG_INFO = INCLUDE_SOURCE;
				MTL_FAST_MATH = YES;
				ONLY_ACTIVE_ARCH = YES;
				SDKROOT = iphoneos;
				SWIFT_ACTIVE_COMPILATION_CONDITIONS = DEBUG;
				SWIFT_OPTIMIZATION_LEVEL = "-Onone";
			};
			name = Debug;
		};
		56CF14D924D53536008BDCEF /* Release */ = {
			isa = XCBuildConfiguration;
			buildSettings = {
				ALWAYS_SEARCH_USER_PATHS = NO;
				CLANG_ANALYZER_NONNULL = YES;
				CLANG_ANALYZER_NUMBER_OBJECT_CONVERSION = YES_AGGRESSIVE;
				CLANG_CXX_LANGUAGE_STANDARD = "gnu++14";
				CLANG_CXX_LIBRARY = "libc++";
				CLANG_ENABLE_MODULES = YES;
				CLANG_ENABLE_OBJC_ARC = YES;
				CLANG_ENABLE_OBJC_WEAK = YES;
				CLANG_WARN_BLOCK_CAPTURE_AUTORELEASING = YES;
				CLANG_WARN_BOOL_CONVERSION = YES;
				CLANG_WARN_COMMA = YES;
				CLANG_WARN_CONSTANT_CONVERSION = YES;
				CLANG_WARN_DEPRECATED_OBJC_IMPLEMENTATIONS = YES;
				CLANG_WARN_DIRECT_OBJC_ISA_USAGE = YES_ERROR;
				CLANG_WARN_DOCUMENTATION_COMMENTS = YES;
				CLANG_WARN_EMPTY_BODY = YES;
				CLANG_WARN_ENUM_CONVERSION = YES;
				CLANG_WARN_INFINITE_RECURSION = YES;
				CLANG_WARN_INT_CONVERSION = YES;
				CLANG_WARN_NON_LITERAL_NULL_CONVERSION = YES;
				CLANG_WARN_OBJC_IMPLICIT_RETAIN_SELF = YES;
				CLANG_WARN_OBJC_LITERAL_CONVERSION = YES;
				CLANG_WARN_OBJC_ROOT_CLASS = YES_ERROR;
				CLANG_WARN_RANGE_LOOP_ANALYSIS = YES;
				CLANG_WARN_STRICT_PROTOTYPES = YES;
				CLANG_WARN_SUSPICIOUS_MOVE = YES;
				CLANG_WARN_UNGUARDED_AVAILABILITY = YES_AGGRESSIVE;
				CLANG_WARN_UNREACHABLE_CODE = YES;
				CLANG_WARN__DUPLICATE_METHOD_MATCH = YES;
				COPY_PHASE_STRIP = NO;
				DEBUG_INFORMATION_FORMAT = "dwarf-with-dsym";
				ENABLE_NS_ASSERTIONS = NO;
				ENABLE_STRICT_OBJC_MSGSEND = YES;
				GCC_C_LANGUAGE_STANDARD = gnu11;
				GCC_NO_COMMON_BLOCKS = YES;
				GCC_WARN_64_TO_32_BIT_CONVERSION = YES;
				GCC_WARN_ABOUT_RETURN_TYPE = YES_ERROR;
				GCC_WARN_UNDECLARED_SELECTOR = YES;
				GCC_WARN_UNINITIALIZED_AUTOS = YES_AGGRESSIVE;
				GCC_WARN_UNUSED_FUNCTION = YES;
				GCC_WARN_UNUSED_VARIABLE = YES;
				IPHONEOS_DEPLOYMENT_TARGET = 13.0;
				MTL_ENABLE_DEBUG_INFO = NO;
				MTL_FAST_MATH = YES;
				SDKROOT = iphoneos;
				SWIFT_COMPILATION_MODE = wholemodule;
				SWIFT_OPTIMIZATION_LEVEL = "-O";
				VALIDATE_PRODUCT = YES;
			};
			name = Release;
		};
		56CF14DB24D53536008BDCEF /* Debug */ = {
			isa = XCBuildConfiguration;
			baseConfigurationReference = 8C7D9095C67FE9D7B9A2BE0D /* Pods-warmingUpProject_3.debug.xcconfig */;
			buildSettings = {
				ASSETCATALOG_COMPILER_APPICON_NAME = AppIcon;
				CODE_SIGN_STYLE = Automatic;
				INFOPLIST_FILE = warmingUpProject_3/Info.plist;
				IPHONEOS_DEPLOYMENT_TARGET = 13.0;
				LD_RUNPATH_SEARCH_PATHS = (
					"$(inherited)",
					"@executable_path/Frameworks",
				);
				PRODUCT_BUNDLE_IDENTIFIER = "com.depromeet.warmingUpProject-3";
				PRODUCT_NAME = "$(TARGET_NAME)";
				SWIFT_VERSION = 5.0;
				TARGETED_DEVICE_FAMILY = 1;
			};
			name = Debug;
		};
		56CF14DC24D53536008BDCEF /* Release */ = {
			isa = XCBuildConfiguration;
			baseConfigurationReference = 41F1ED98F529823A39A9AC81 /* Pods-warmingUpProject_3.release.xcconfig */;
			buildSettings = {
				ASSETCATALOG_COMPILER_APPICON_NAME = AppIcon;
				CODE_SIGN_STYLE = Automatic;
				INFOPLIST_FILE = warmingUpProject_3/Info.plist;
				IPHONEOS_DEPLOYMENT_TARGET = 13.0;
				LD_RUNPATH_SEARCH_PATHS = (
					"$(inherited)",
					"@executable_path/Frameworks",
				);
				PRODUCT_BUNDLE_IDENTIFIER = "com.depromeet.warmingUpProject-3";
				PRODUCT_NAME = "$(TARGET_NAME)";
				SWIFT_VERSION = 5.0;
				TARGETED_DEVICE_FAMILY = 1;
			};
			name = Release;
		};
/* End XCBuildConfiguration section */

/* Begin XCConfigurationList section */
		56CF14C124D53533008BDCEF /* Build configuration list for PBXProject "warmingUpProject_3" */ = {
			isa = XCConfigurationList;
			buildConfigurations = (
				56CF14D824D53536008BDCEF /* Debug */,
				56CF14D924D53536008BDCEF /* Release */,
			);
			defaultConfigurationIsVisible = 0;
			defaultConfigurationName = Release;
		};
		56CF14DA24D53536008BDCEF /* Build configuration list for PBXNativeTarget "warmingUpProject_3" */ = {
			isa = XCConfigurationList;
			buildConfigurations = (
				56CF14DB24D53536008BDCEF /* Debug */,
				56CF14DC24D53536008BDCEF /* Release */,
			);
			defaultConfigurationIsVisible = 0;
			defaultConfigurationName = Release;
		};
/* End XCConfigurationList section */
	};
	rootObject = 56CF14BE24D53533008BDCEF /* Project object */;
}
